
Microsoft Visual Studio Solution File, Format Version 12.00
# Visual Studio Version 17
VisualStudioVersion = 17.9.34902.65
MinimumVisualStudioVersion = 10.0.40219.1
Project("{9092AA53-FB77-4645-B42D-1CCCA6BD08BD}") = "backend", "backend.njsproj", "{C7E29B78-A97B-4039-8F84-91B7B319D54F}"
EndProject
Global
	GlobalSection(SolutionConfigurationPlatforms) = preSolution
		Debug|Any CPU = Debug|Any CPU
		Release|Any CPU = Release|Any CPU
	EndGlobalSection
	GlobalSection(ProjectConfigurationPlatforms) = postSolution
		{C7E29B78-A97B-4039-8F84-91B7B319D54F}.Debug|Any CPU.ActiveCfg = Debug|Any CPU
		{C7E29B78-A97B-4039-8F84-91B7B319D54F}.Debug|Any CPU.Build.0 = Debug|Any CPU
		{C7E29B78-A97B-4039-8F84-91B7B319D54F}.Release|Any CPU.ActiveCfg = Release|Any CPU
		{C7E29B78-A97B-4039-8F84-91B7B319D54F}.Release|Any CPU.Build.0 = Release|Any CPU
	EndGlobalSection
	GlobalSection(SolutionProperties) = preSolution
		HideSolutionNode = FALSE
	EndGlobalSection
	GlobalSection(ExtensibilityGlobals) = postSolution
		SolutionGuid = {97490D59-B024-42FC-BC95-8C1AD54BE13F}
	EndGlobalSection
EndGlobal
